// !$*UTF8*$!
{
	archiveVersion = 1;
	classes = {
	};
	objectVersion = 46;
	objects = {

/* Begin PBXBuildFile section */
		BBA226DE1C4E0D2600788E07 /* main.m in Sources */ = {isa = PBXBuildFile; fileRef = BBA226DD1C4E0D2600788E07 /* main.m */; };
		BBA226E11C4E0D2600788E07 /* AppDelegate.m in Sources */ = {isa = PBXBuildFile; fileRef = BBA226E01C4E0D2600788E07 /* AppDelegate.m */; };
		BBA226E41C4E0D2600788E07 /* ViewController.m in Sources */ = {isa = PBXBuildFile; fileRef = BBA226E31C4E0D2600788E07 /* ViewController.m */; };
		BBA226E71C4E0D2600788E07 /* Main.storyboard in Resources */ = {isa = PBXBuildFile; fileRef = BBA226E51C4E0D2600788E07 /* Main.storyboard */; };
		BBA226E91C4E0D2600788E07 /* Assets.xcassets in Resources */ = {isa = PBXBuildFile; fileRef = BBA226E81C4E0D2600788E07 /* Assets.xcassets */; };
		BBA226EC1C4E0D2600788E07 /* LaunchScreen.storyboard in Resources */ = {isa = PBXBuildFile; fileRef = BBA226EA1C4E0D2600788E07 /* LaunchScreen.storyboard */; };
		BBA226F51C4E0D6E00788E07 /* MethodSwizzling.m in Sources */ = {isa = PBXBuildFile; fileRef = BBA226F41C4E0D6E00788E07 /* MethodSwizzling.m */; };
		BBA226FA1C4E0D7700788E07 /* UIViewController+Swizzling.m in Sources */ = {isa = PBXBuildFile; fileRef = BBA226F71C4E0D7700788E07 /* UIViewController+Swizzling.m */; };
		BBA226FB1C4E0D7700788E07 /* UIControl+Swizzling.m in Sources */ = {isa = PBXBuildFile; fileRef = BBA226F91C4E0D7700788E07 /* UIControl+Swizzling.m */; };
		BBA226FE1C4E100700788E07 /* NSArray+Swizzling.m in Sources */ = {isa = PBXBuildFile; fileRef = BBA226FD1C4E100700788E07 /* NSArray+Swizzling.m */; };
		BBA227011C4E148600788E07 /* NSMutableDictionary+Swizzling.m in Sources */ = {isa = PBXBuildFile; fileRef = BBA227001C4E148600788E07 /* NSMutableDictionary+Swizzling.m */; };
/* End PBXBuildFile section */

/* Begin PBXFileReference section */
		BBA226D91C4E0D2500788E07 /* MethodSwizzling.app */ = {isa = PBXFileReference; explicitFileType = wrapper.application; includeInIndex = 0; path = MethodSwizzling.app; sourceTree = BUILT_PRODUCTS_DIR; };
		BBA226DD1C4E0D2600788E07 /* main.m */ = {isa = PBXFileReference; lastKnownFileType = sourcecode.c.objc; path = main.m; sourceTree = "<group>"; };
		BBA226DF1C4E0D2600788E07 /* AppDelegate.h */ = {isa = PBXFileReference; lastKnownFileType = sourcecode.c.h; path = AppDelegate.h; sourceTree = "<group>"; };
		BBA226E01C4E0D2600788E07 /* AppDelegate.m */ = {isa = PBXFileReference; lastKnownFileType = sourcecode.c.objc; path = AppDelegate.m; sourceTree = "<group>"; };
		BBA226E21C4E0D2600788E07 /* ViewController.h */ = {isa = PBXFileReference; lastKnownFileType = sourcecode.c.h; path = ViewController.h; sourceTree = "<group>"; };
		BBA226E31C4E0D2600788E07 /* ViewController.m */ = {isa = PBXFileReference; lastKnownFileType = sourcecode.c.objc; path = ViewController.m; sourceTree = "<group>"; };
		BBA226E61C4E0D2600788E07 /* Base */ = {isa = PBXFileReference; lastKnownFileType = file.storyboard; name = Base; path = Base.lproj/Main.storyboard; sourceTree = "<group>"; };
		BBA226E81C4E0D2600788E07 /* Assets.xcassets */ = {isa = PBXFileReference; lastKnownFileType = folder.assetcatalog; path = Assets.xcassets; sourceTree = "<group>"; };
		BBA226EB1C4E0D2600788E07 /* Base */ = {isa = PBXFileReference; lastKnownFileType = file.storyboard; name = Base; path = Base.lproj/LaunchScreen.storyboard; sourceTree = "<group>"; };
		BBA226ED1C4E0D2600788E07 /* Info.plist */ = {isa = PBXFileReference; lastKnownFileType = text.plist.xml; path = Info.plist; sourceTree = "<group>"; };
		BBA226F31C4E0D6E00788E07 /* MethodSwizzling.h */ = {isa = PBXFileReference; fileEncoding = 4; lastKnownFileType = sourcecode.c.h; path = MethodSwizzling.h; sourceTree = "<group>"; };
		BBA226F41C4E0D6E00788E07 /* MethodSwizzling.m */ = {isa = PBXFileReference; fileEncoding = 4; lastKnownFileType = sourcecode.c.objc; path = MethodSwizzling.m; sourceTree = "<group>"; };
		BBA226F61C4E0D7700788E07 /* UIViewController+Swizzling.h */ = {isa = PBXFileReference; fileEncoding = 4; lastKnownFileType = sourcecode.c.h; path = "UIViewController+Swizzling.h"; sourceTree = "<group>"; };
		BBA226F71C4E0D7700788E07 /* UIViewController+Swizzling.m */ = {isa = PBXFileReference; fileEncoding = 4; lastKnownFileType = sourcecode.c.objc; path = "UIViewController+Swizzling.m"; sourceTree = "<group>"; };
		BBA226F81C4E0D7700788E07 /* UIControl+Swizzling.h */ = {isa = PBXFileReference; fileEncoding = 4; lastKnownFileType = sourcecode.c.h; path = "UIControl+Swizzling.h"; sourceTree = "<group>"; };
		BBA226F91C4E0D7700788E07 /* UIControl+Swizzling.m */ = {isa = PBXFileReference; fileEncoding = 4; lastKnownFileType = sourcecode.c.objc; path = "UIControl+Swizzling.m"; sourceTree = "<group>"; };
		BBA226FC1C4E100700788E07 /* NSArray+Swizzling.h */ = {isa = PBXFileReference; fileEncoding = 4; lastKnownFileType = sourcecode.c.h; path = "NSArray+Swizzling.h"; sourceTree = "<group>"; };
		BBA226FD1C4E100700788E07 /* NSArray+Swizzling.m */ = {isa = PBXFileReference; fileEncoding = 4; lastKnownFileType = sourcecode.c.objc; path = "NSArray+Swizzling.m"; sourceTree = "<group>"; };
		BBA226FF1C4E148600788E07 /* NSMutableDictionary+Swizzling.h */ = {isa = PBXFileReference; fileEncoding = 4; lastKnownFileType = sourcecode.c.h; path = "NSMutableDictionary+Swizzling.h"; sourceTree = "<group>"; };
		BBA227001C4E148600788E07 /* NSMutableDictionary+Swizzling.m */ = {isa = PBXFileReference; fileEncoding = 4; lastKnownFileType = sourcecode.c.objc; path = "NSMutableDictionary+Swizzling.m"; sourceTree = "<group>"; };
/* End PBXFileReference section */

/* Begin PBXFrameworksBuildPhase section */
		BBA226D61C4E0D2500788E07 /* Frameworks */ = {
			isa = PBXFrameworksBuildPhase;
			buildActionMask = 2147483647;
			files = (
			);
			runOnlyForDeploymentPostprocessing = 0;
		};
/* End PBXFrameworksBuildPhase section */

/* Begin PBXGroup section */
		BBA226D01C4E0D2500788E07 = {
			isa = PBXGroup;
			children = (
				BBA226DB1C4E0D2600788E07 /* MethodSwizzling */,
				BBA226DA1C4E0D2500788E07 /* Products */,
			);
			sourceTree = "<group>";
		};
		BBA226DA1C4E0D2500788E07 /* Products */ = {
			isa = PBXGroup;
			children = (
				BBA226D91C4E0D2500788E07 /* MethodSwizzling.app */,
			);
			name = Products;
			sourceTree = "<group>";
		};
		BBA226DB1C4E0D2600788E07 /* MethodSwizzling */ = {
			isa = PBXGroup;
			children = (
				BBA226DF1C4E0D2600788E07 /* AppDelegate.h */,
				BBA226E01C4E0D2600788E07 /* AppDelegate.m */,
				BBA226E21C4E0D2600788E07 /* ViewController.h */,
				BBA226E31C4E0D2600788E07 /* ViewController.m */,
				BBA226F31C4E0D6E00788E07 /* MethodSwizzling.h */,
				BBA226F41C4E0D6E00788E07 /* MethodSwizzling.m */,
				BBA226F61C4E0D7700788E07 /* UIViewController+Swizzling.h */,
				BBA226F71C4E0D7700788E07 /* UIViewController+Swizzling.m */,
				BBA226F81C4E0D7700788E07 /* UIControl+Swizzling.h */,
				BBA226F91C4E0D7700788E07 /* UIControl+Swizzling.m */,
				BBA226FC1C4E100700788E07 /* NSArray+Swizzling.h */,
				BBA226FD1C4E100700788E07 /* NSArray+Swizzling.m */,
				BBA226FF1C4E148600788E07 /* NSMutableDictionary+Swizzling.h */,
				BBA227001C4E148600788E07 /* NSMutableDictionary+Swizzling.m */,
				BBA226E51C4E0D2600788E07 /* Main.storyboard */,
				BBA226E81C4E0D2600788E07 /* Assets.xcassets */,
				BBA226EA1C4E0D2600788E07 /* LaunchScreen.storyboard */,
				BBA226ED1C4E0D2600788E07 /* Info.plist */,
				BBA226DC1C4E0D2600788E07 /* Supporting Files */,
			);
			path = MethodSwizzling;
			sourceTree = "<group>";
		};
		BBA226DC1C4E0D2600788E07 /* Supporting Files */ = {
			isa = PBXGroup;
			children = (
				BBA226DD1C4E0D2600788E07 /* main.m */,
			);
			name = "Supporting Files";
			sourceTree = "<group>";
		};
/* End PBXGroup section */

/* Begin PBXNativeTarget section */
		BBA226D81C4E0D2500788E07 /* MethodSwizzling */ = {
			isa = PBXNativeTarget;
			buildConfigurationList = BBA226F01C4E0D2600788E07 /* Build configuration list for PBXNativeTarget "MethodSwizzling" */;
			buildPhases = (
				BBA226D51C4E0D2500788E07 /* Sources */,
				BBA226D61C4E0D2500788E07 /* Frameworks */,
				BBA226D71C4E0D2500788E07 /* Resources */,
			);
			buildRules = (
			);
			dependencies = (
			);
			name = MethodSwizzling;
			productName = MethodSwizzling;
			productReference = BBA226D91C4E0D2500788E07 /* MethodSwizzling.app */;
			productType = "com.apple.product-type.application";
		};
/* End PBXNativeTarget section */

/* Begin PBXProject section */
		BBA226D11C4E0D2500788E07 /* Project object */ = {
			isa = PBXProject;
			attributes = {
				LastUpgradeCheck = 0720;
				ORGANIZATIONNAME = VictorChee;
				TargetAttributes = {
					BBA226D81C4E0D2500788E07 = {
						CreatedOnToolsVersion = 7.2;
					};
				};
			};
			buildConfigurationList = BBA226D41C4E0D2500788E07 /* Build configuration list for PBXProject "MethodSwizzling" */;
			compatibilityVersion = "Xcode 3.2";
			developmentRegion = English;
			hasScannedForEncodings = 0;
			knownRegions = (
				en,
				Base,
			);
			mainGroup = BBA226D01C4E0D2500788E07;
			productRefGroup = BBA226DA1C4E0D2500788E07 /* Products */;
			projectDirPath = "";
			projectRoot = "";
			targets = (
				BBA226D81C4E0D2500788E07 /* MethodSwizzling */,
			);
		};
/* End PBXProject section */

/* Begin PBXResourcesBuildPhase section */
		BBA226D71C4E0D2500788E07 /* Resources */ = {
			isa = PBXResourcesBuildPhase;
			buildActionMask = 2147483647;
			files = (
				BBA226EC1C4E0D2600788E07 /* LaunchScreen.storyboard in Resources */,
				BBA226E91C4E0D2600788E07 /* Assets.xcassets in Resources */,
				BBA226E71C4E0D2600788E07 /* Main.storyboard in Resources */,
			);
			runOnlyForDeploymentPostprocessing = 0;
		};
/* End PBXResourcesBuildPhase section */

/* Begin PBXSourcesBuildPhase section */
		BBA226D51C4E0D2500788E07 /* Sources */ = {
			isa = PBXSourcesBuildPhase;
			buildActionMask = 2147483647;
			files = (
				BBA226E41C4E0D2600788E07 /* ViewController.m in Sources */,
				BBA226FE1C4E100700788E07 /* NSArray+Swizzling.m in Sources */,
				BBA226FA1C4E0D7700788E07 /* UIViewController+Swizzling.m in Sources */,
				BBA226E11C4E0D2600788E07 /* AppDelegate.m in Sources */,
				BBA226F51C4E0D6E00788E07 /* MethodSwizzling.m in Sources */,
				BBA226FB1C4E0D7700788E07 /* UIControl+Swizzling.m in Sources */,
				BBA227011C4E148600788E07 /* NSMutableDictionary+Swizzling.m in Sources */,
				BBA226DE1C4E0D2600788E07 /* main.m in Sources */,
			);
			runOnlyForDeploymentPostprocessing = 0;
		};
/* End PBXSourcesBuildPhase section */

/* Begin PBXVariantGroup section */
		BBA226E51C4E0D2600788E07 /* Main.storyboard */ = {
			isa = PBXVariantGroup;
			children = (
				BBA226E61C4E0D2600788E07 /* Base */,
			);
			name = Main.storyboard;
			sourceTree = "<group>";
		};
		BBA226EA1C4E0D2600788E07 /* LaunchScreen.storyboard */ = {
			isa = PBXVariantGroup;
			children = (
				BBA226EB1C4E0D2600788E07 /* Base */,
			);
			name = LaunchScreen.storyboard;
			sourceTree = "<group>";
		};
/* End PBXVariantGroup section */

/* Begin XCBuildConfiguration section */
		BBA226EE1C4E0D2600788E07 /* Debug */ = {
			isa = XCBuildConfiguration;
			buildSettings = {
				ALWAYS_SEARCH_USER_PATHS = NO;
				CLANG_CXX_LANGUAGE_STANDARD = "gnu++0x";
				CLANG_CXX_LIBRARY = "libc++";
				CLANG_ENABLE_MODULES = YES;
				CLANG_ENABLE_OBJC_ARC = YES;
				CLANG_WARN_BOOL_CONVERSION = YES;
				CLANG_WARN_CONSTANT_CONVERSION = YES;
				CLANG_WARN_DIRECT_OBJC_ISA_USAGE = YES_ERROR;
				CLANG_WARN_EMPTY_BODY = YES;
				CLANG_WARN_ENUM_CONVERSION = YES;
				CLANG_WARN_INT_CONVERSION = YES;
				CLANG_WARN_OBJC_ROOT_CLASS = YES_ERROR;
				CLANG_WARN_UNREACHABLE_CODE = YES;
				CLANG_WARN__DUPLICATE_METHOD_MATCH = YES;
				"CODE_SIGN_IDENTITY[sdk=iphoneos*]" = "iPhone Developer";
				COPY_PHASE_STRIP = NO;
				DEBUG_INFORMATION_FORMAT = dwarf;
				ENABLE_STRICT_OBJC_MSGSEND = YES;
				ENABLE_TESTABILITY = YES;
				GCC_C_LANGUAGE_STANDARD = gnu99;
				GCC_DYNAMIC_NO_PIC = NO;
				GCC_NO_COMMON_BLOCKS = YES;
				GCC_OPTIMIZATION_LEVEL = 0;
				GCC_PREPROCESSOR_DEFINITIONS = (
					"DEBUG=1",
					"$(inherited)",
				);
				GCC_WARN_64_TO_32_BIT_CONVERSION = YES;
				GCC_WARN_ABOUT_RETURN_TYPE = YES_ERROR;
				GCC_WARN_UNDECLARED_SELECTOR = YES;
				GCC_WARN_UNINITIALIZED_AUTOS = YES_AGGRESSIVE;
				GCC_WARN_UNUSED_FUNCTION = YES;
				GCC_WARN_UNUSED_VARIABLE = YES;
				IPHONEOS_DEPLOYMENT_TARGET = 9.2;
				MTL_ENABLE_DEBUG_INFO = YES;
				ONLY_ACTIVE_ARCH = YES;
				SDKROOT = iphoneos;
				TARGETED_DEVICE_FAMILY = "1,2";
			};
			name = Debug;
		};
		BBA226EF1C4E0D2600788E07 /* Release */ = {
			isa = XCBuildConfiguration;
			buildSettings = {
				ALWAYS_SEARCH_USER_PATHS = NO;
				CLANG_CXX_LANGUAGE_STANDARD = "gnu++0x";
				CLANG_CXX_LIBRARY = "libc++";
				CLANG_ENABLE_MODULES = YES;
				CLANG_ENABLE_OBJC_ARC = YES;
				CLANG_WARN_BOOL_CONVERSION = YES;
				CLANG_WARN_CONSTANT_CONVERSION = YES;
				CLANG_WARN_DIRECT_OBJC_ISA_USAGE = YES_ERROR;
				CLANG_WARN_EMPTY_BODY = YES;
				CLANG_WARN_ENUM_CONVERSION = YES;
				CLANG_WARN_INT_CONVERSION = YES;
				CLANG_WARN_OBJC_ROOT_CLASS = YES_ERROR;
				CLANG_WARN_UNREACHABLE_CODE = YES;
				CLANG_WARN__DUPLICATE_METHOD_MATCH = YES;
				"CODE_SIGN_IDENTITY[sdk=iphoneos*]" = "iPhone Developer";
				COPY_PHASE_STRIP = NO;
				DEBUG_INFORMATION_FORMAT = "dwarf-with-dsym";
				ENABLE_NS_ASSERTIONS = NO;
				ENABLE_STRICT_OBJC_MSGSEND = YES;
				GCC_C_LANGUAGE_STANDARD = gnu99;
				GCC_NO_COMMON_BLOCKS = YES;
				GCC_WARN_64_TO_32_BIT_CONVERSION = YES;
				GCC_WARN_ABOUT_RETURN_TYPE = YES_ERROR;
				GCC_WARN_UNDECLARED_SELECTOR = YES;
				GCC_WARN_UNINITIALIZED_AUTOS = YES_AGGRESSIVE;
				GCC_WARN_UNUSED_FUNCTION = YES;
				GCC_WARN_UNUSED_VARIABLE = YES;
				IPHONEOS_DEPLOYMENT_TARGET = 9.2;
				MTL_ENABLE_DEBUG_INFO = NO;
				SDKROOT = iphoneos;
				TARGETED_DEVICE_FAMILY = "1,2";
				VALIDATE_PRODUCT = YES;
			};
			name = Release;
		};
		BBA226F11C4E0D2600788E07 /* Debug */ = {
			isa = XCBuildConfiguration;
			buildSettings = {
				ASSETCATALOG_COMPILER_APPICON_NAME = AppIcon;
				INFOPLIST_FILE = MethodSwizzling/Info.plist;
				LD_RUNPATH_SEARCH_PATHS = "$(inherited) @executable_path/Frameworks";
				PRODUCT_BUNDLE_IDENTIFIER = com.victorchee.MethodSwizzling;
				PRODUCT_NAME = "$(TARGET_NAME)";
			};
			name = Debug;
		};
		BBA226F21C4E0D2600788E07 /* Release */ = {
			isa = XCBuildConfiguration;
			buildSettings = {
				ASSETCATALOG_COMPILER_APPICON_NAME = AppIcon;
				INFOPLIST_FILE = MethodSwizzling/Info.plist;
				LD_RUNPATH_SEARCH_PATHS = "$(inherited) @executable_path/Frameworks";
				PRODUCT_BUNDLE_IDENTIFIER = com.victorchee.MethodSwizzling;
				PRODUCT_NAME = "$(TARGET_NAME)";
			};
			name = Release;
		};
/* End XCBuildConfiguration section */

/* Begin XCConfigurationList section */
		BBA226D41C4E0D2500788E07 /* Build configuration list for PBXProject "MethodSwizzling" */ = {
			isa = XCConfigurationList;
			buildConfigurations = (
				BBA226EE1C4E0D2600788E07 /* Debug */,
				BBA226EF1C4E0D2600788E07 /* Release */,
			);
			defaultConfigurationIsVisible = 0;
			defaultConfigurationName = Release;
		};
		BBA226F01C4E0D2600788E07 /* Build configuration list for PBXNativeTarget "MethodSwizzling" */ = {
			isa = XCConfigurationList;
			buildConfigurations = (
				BBA226F11C4E0D2600788E07 /* Debug */,
				BBA226F21C4E0D2600788E07 /* Release */,
			);
			defaultConfigurationIsVisible = 0;
		};
/* End XCConfigurationList section */
	};
	rootObject = BBA226D11C4E0D2500788E07 /* Project object */;
}
